<Solution>
  <Configurations>
    <Platform Name="Any CPU" />
    <Platform Name="x64" />
    <Platform Name="x86" />
  </Configurations>
  <Project Path="SmsTest.Application/SmsTest.Application.csproj" />
  <Project Path="SmsTest.Client/SmsTest.Client.csproj" Id="d17705d1-d721-4353-a040-79fa3eae6ad2" />
  <Project Path="SmsTest.ConsoleApp/SmsTest.ConsoleApp.csproj" Id="193da891-29e6-4386-a182-ab67966797ab" />
  <Project Path="SmsTest.Contracts/SmsTest.Contracts.csproj" Id="436e7618-4d76-425c-8341-583e114b3d0f" />
  <Project Path="SmsTest.Server/SmsTest.Server.csproj" Id="77e0542f-bfcd-432f-a7f6-a8735daa7307" />
  <Project Path="SmsTest.Tests/SmsTest.Tests.csproj" Id="222b5d59-fc0f-4fdb-a30b-6d720ba4d854" />
  <Project Path="SmsTest.Wpf/SmsTest.Wpf.csproj" Id="9f4136aa-bc55-4b7d-b2be-a1ac926e75b8" />
</Solution>
